Microsoft Visual Studio Solution File, Format Version 7.00
Project("{8BC9CEB8-8B4A-11D0-8D11-00A0C91BC942}") = "scorched", "src\scorched\scorched.vcproj", "{EB4F3DB9-D924-4469-B69C-C8BB62FEEC7A}"
EndProject
Project("{8BC9CEB8-8B4A-11D0-8D11-00A0C91BC942}") = "skincreator", "src\skincreator\skincreator.vcproj", "{B9B5E9FF-3641-4A90-AA46-C9E5AFA335CB}"
EndProject
Project("{54435603-DBB4-11D2-8724-00A0C9A8B90C}") = "Setup", "setup\setup.vdproj", "{4A9591BB-38BF-4019-B58A-CC2FABE1A03C}"
EndProject
Global
	GlobalSection(SolutionConfiguration) = preSolution
		ConfigName.0 = Debug
		ConfigName.1 = Release
		ConfigName.2 = Release - MySql
	EndGlobalSection
	GlobalSection(ProjectDependencies) = postSolution
	EndGlobalSection
	GlobalSection(ProjectConfiguration) = postSolution
		{EB4F3DB9-D924-4469-B69C-C8BB62FEEC7A}.Debug.ActiveCfg = Debug|Win32
		{EB4F3DB9-D924-4469-B69C-C8BB62FEEC7A}.Debug.Build.0 = Debug|Win32
		{EB4F3DB9-D924-4469-B69C-C8BB62FEEC7A}.Release.ActiveCfg = Release|Win32
		{EB4F3DB9-D924-4469-B69C-C8BB62FEEC7A}.Release.Build.0 = Release|Win32
		{EB4F3DB9-D924-4469-B69C-C8BB62FEEC7A}.Release - MySql.ActiveCfg = Release - MySql|Win32
		{EB4F3DB9-D924-4469-B69C-C8BB62FEEC7A}.Release - MySql.Build.0 = Release - MySql|Win32
		{B9B5E9FF-3641-4A90-AA46-C9E5AFA335CB}.Debug.ActiveCfg = Debug|Win32
		{B9B5E9FF-3641-4A90-AA46-C9E5AFA335CB}.Release.ActiveCfg = Release|Win32
		{B9B5E9FF-3641-4A90-AA46-C9E5AFA335CB}.Release - MySql.ActiveCfg = Release - MySql|Win32
		{4A9591BB-38BF-4019-B58A-CC2FABE1A03C}.Debug.ActiveCfg = Debug
		{4A9591BB-38BF-4019-B58A-CC2FABE1A03C}.Release.ActiveCfg = Release
		{4A9591BB-38BF-4019-B58A-CC2FABE1A03C}.Release - MySql.ActiveCfg = Release - MySql
	EndGlobalSection
	GlobalSection(ExtensibilityGlobals) = postSolution
	EndGlobalSection
	GlobalSection(ExtensibilityAddIns) = postSolution
	EndGlobalSection
EndGlobal
